# This file is automatically @generated by Cargo.
# It is not intended for manual editing.
version = 4

[[package]]
name = "chs_ast"
version = "0.1.0"
dependencies = [
 "chs_lexer",
 "chs_types",
 "chs_util",
]

[[package]]
name = "chs_codegen"
version = "0.1.0"
dependencies = [
 "chs_ast",
 "chs_lexer",
 "chs_types",
 "chs_util",
]

[[package]]
name = "chs_lexer"
version = "0.1.0"
dependencies = [
 "chs_util",
]

[[package]]
name = "chs_types"
version = "0.1.0"
dependencies = [
 "chs_util",
]

[[package]]
name = "chs_util"
version = "0.1.0"

[[package]]
name = "chsc"
version = "0.1.0"
dependencies = [
 "chs_ast",
 "chs_codegen",
 "chs_lexer",
 "chs_util",
 "my_cli",
]

[[package]]
name = "my_cli"
version = "0.1.5"
source = "registry+https://github.com/rust-lang/crates.io-index"
checksum = "1da8ba27f688ae12544476fbcacc1f8ea79172b24fa500a80d353f61c608b7e0"
