# This file is automatically @generated by Cargo.
# It is not intended for manual editing.
version = 4

[[package]]
name = "chs_ast"
version = "0.1.0"
dependencies = [
 "chs_lexer",
 "chs_types",
 "chs_util",
]

[[package]]
name = "chs_codegen"
version = "0.1.0"
dependencies = [
 "chs_ast",
 "chs_lexer",
 "chs_types",
 "chs_util",
]

[[package]]
name = "chs_lexer"
version = "0.1.0"
dependencies = [
 "chs_util",
]

[[package]]
name = "chs_types"
version = "0.1.0"
dependencies = [
 "chs_util",
]

[[package]]
name = "chs_util"
version = "0.1.0"

[[package]]
name = "chsc"
version = "0.1.0"
dependencies = [
 "chs_ast",
 "chs_codegen",
 "chs_lexer",
 "chs_util",
 "my_cli",
]

[[package]]
name = "my_cli"
version = "0.1.4"
source = "registry+https://github.com/rust-lang/crates.io-index"
checksum = "38ffe22950b791731af91f947384804a15652fcdb288fdce7573f88ef5a34a27"
